Microsoft Visual Studio Solution File, Format Version 12.00
# Visual Studio Version 17
VisualStudioVersion = 17.0.31903.59
MinimumVisualStudioVersion = 10.0.40219.1
Project("{9A19103F-16F7-4668-BE54-9A1E7A4F7556}") = "GameEngine", "GameEngine\GameEngine.csproj", "{4AFC869A-D410-4410-9BF5-7F748F4BA2E6}"
EndProject
Project("{9A19103F-16F7-4668-BE54-9A1E7A4F7556}") = "AutoFixtureDemo", "AutoFixtureDemo\AutoFixtureDemo.csproj", "{1EE1C824-B5CC-4484-9064-26ECCBCE454B}"
EndProject
Project("{FAE04EC0-301F-11D3-BF4B-00C04F79EFBC}") = "ConsoleCalculator", "ConsoleCalculator\ConsoleCalculator.csproj", "{D69D4455-C174-4296-BA4E-5FD5907D4ECE}"
EndProject
Global
	GlobalSection(SolutionConfigurationPlatforms) = preSolution
		Debug|Any CPU = Debug|Any CPU
		Debug|x64 = Debug|x64
		Debug|x86 = Debug|x86
		Release|Any CPU = Release|Any CPU
		Release|x64 = Release|x64
		Release|x86 = Release|x86
	EndGlobalSection
	GlobalSection(ProjectConfigurationPlatforms) = postSolution
		{4AFC869A-D410-4410-9BF5-7F748F4BA2E6}.Debug|Any CPU.ActiveCfg = Debug|Any CPU
		{4AFC869A-D410-4410-9BF5-7F748F4BA2E6}.Debug|Any CPU.Build.0 = Debug|Any CPU
		{4AFC869A-D410-4410-9BF5-7F748F4BA2E6}.Debug|x64.ActiveCfg = Debug|Any CPU
		{4AFC869A-D410-4410-9BF5-7F748F4BA2E6}.Debug|x64.Build.0 = Debug|Any CPU
		{4AFC869A-D410-4410-9BF5-7F748F4BA2E6}.Debug|x86.ActiveCfg = Debug|Any CPU
		{4AFC869A-D410-4410-9BF5-7F748F4BA2E6}.Debug|x86.Build.0 = Debug|Any CPU
		{4AFC869A-D410-4410-9BF5-7F748F4BA2E6}.Release|Any CPU.ActiveCfg = Release|Any CPU
		{4AFC869A-D410-4410-9BF5-7F748F4BA2E6}.Release|Any CPU.Build.0 = Release|Any CPU
		{4AFC869A-D410-4410-9BF5-7F748F4BA2E6}.Release|x64.ActiveCfg = Release|Any CPU
		{4AFC869A-D410-4410-9BF5-7F748F4BA2E6}.Release|x64.Build.0 = Release|Any CPU
		{4AFC869A-D410-4410-9BF5-7F748F4BA2E6}.Release|x86.ActiveCfg = Release|Any CPU
		{4AFC869A-D410-4410-9BF5-7F748F4BA2E6}.Release|x86.Build.0 = Release|Any CPU
		{823ABB21-2C2B-4901-A36F-A82B90A74BE2}.Debug|Any CPU.ActiveCfg = Debug|Any CPU
		{823ABB21-2C2B-4901-A36F-A82B90A74BE2}.Debug|Any CPU.Build.0 = Debug|Any CPU
		{823ABB21-2C2B-4901-A36F-A82B90A74BE2}.Debug|x64.ActiveCfg = Debug|Any CPU
		{823ABB21-2C2B-4901-A36F-A82B90A74BE2}.Debug|x64.Build.0 = Debug|Any CPU
		{823ABB21-2C2B-4901-A36F-A82B90A74BE2}.Debug|x86.ActiveCfg = Debug|Any CPU
		{823ABB21-2C2B-4901-A36F-A82B90A74BE2}.Debug|x86.Build.0 = Debug|Any CPU
		{823ABB21-2C2B-4901-A36F-A82B90A74BE2}.Release|Any CPU.ActiveCfg = Release|Any CPU
		{823ABB21-2C2B-4901-A36F-A82B90A74BE2}.Release|Any CPU.Build.0 = Release|Any CPU
		{823ABB21-2C2B-4901-A36F-A82B90A74BE2}.Release|x64.ActiveCfg = Release|Any CPU
		{823ABB21-2C2B-4901-A36F-A82B90A74BE2}.Release|x64.Build.0 = Release|Any CPU
		{823ABB21-2C2B-4901-A36F-A82B90A74BE2}.Release|x86.ActiveCfg = Release|Any CPU
		{823ABB21-2C2B-4901-A36F-A82B90A74BE2}.Release|x86.Build.0 = Release|Any CPU
		{1EE1C824-B5CC-4484-9064-26ECCBCE454B}.Debug|Any CPU.ActiveCfg = Debug|Any CPU
		{1EE1C824-B5CC-4484-9064-26ECCBCE454B}.Debug|Any CPU.Build.0 = Debug|Any CPU
		{1EE1C824-B5CC-4484-9064-26ECCBCE454B}.Debug|x64.ActiveCfg = Debug|Any CPU
		{1EE1C824-B5CC-4484-9064-26ECCBCE454B}.Debug|x64.Build.0 = Debug|Any CPU
		{1EE1C824-B5CC-4484-9064-26ECCBCE454B}.Debug|x86.ActiveCfg = Debug|Any CPU
		{1EE1C824-B5CC-4484-9064-26ECCBCE454B}.Debug|x86.Build.0 = Debug|Any CPU
		{1EE1C824-B5CC-4484-9064-26ECCBCE454B}.Release|Any CPU.ActiveCfg = Release|Any CPU
		{1EE1C824-B5CC-4484-9064-26ECCBCE454B}.Release|Any CPU.Build.0 = Release|Any CPU
		{1EE1C824-B5CC-4484-9064-26ECCBCE454B}.Release|x64.ActiveCfg = Release|Any CPU
		{1EE1C824-B5CC-4484-9064-26ECCBCE454B}.Release|x64.Build.0 = Release|Any CPU
		{1EE1C824-B5CC-4484-9064-26ECCBCE454B}.Release|x86.ActiveCfg = Release|Any CPU
		{1EE1C824-B5CC-4484-9064-26ECCBCE454B}.Release|x86.Build.0 = Release|Any CPU
		{D69D4455-C174-4296-BA4E-5FD5907D4ECE}.Debug|Any CPU.ActiveCfg = Debug|Any CPU
		{D69D4455-C174-4296-BA4E-5FD5907D4ECE}.Debug|Any CPU.Build.0 = Debug|Any CPU
		{D69D4455-C174-4296-BA4E-5FD5907D4ECE}.Debug|x64.ActiveCfg = Debug|Any CPU
		{D69D4455-C174-4296-BA4E-5FD5907D4ECE}.Debug|x64.Build.0 = Debug|Any CPU
		{D69D4455-C174-4296-BA4E-5FD5907D4ECE}.Debug|x86.ActiveCfg = Debug|Any CPU
		{D69D4455-C174-4296-BA4E-5FD5907D4ECE}.Debug|x86.Build.0 = Debug|Any CPU
		{D69D4455-C174-4296-BA4E-5FD5907D4ECE}.Release|Any CPU.ActiveCfg = Release|Any CPU
		{D69D4455-C174-4296-BA4E-5FD5907D4ECE}.Release|Any CPU.Build.0 = Release|Any CPU
		{D69D4455-C174-4296-BA4E-5FD5907D4ECE}.Release|x64.ActiveCfg = Release|Any CPU
		{D69D4455-C174-4296-BA4E-5FD5907D4ECE}.Release|x64.Build.0 = Release|Any CPU
		{D69D4455-C174-4296-BA4E-5FD5907D4ECE}.Release|x86.ActiveCfg = Release|Any CPU
		{D69D4455-C174-4296-BA4E-5FD5907D4ECE}.Release|x86.Build.0 = Release|Any CPU
	EndGlobalSection
	GlobalSection(SolutionProperties) = preSolution
		HideSolutionNode = FALSE
	EndGlobalSection
	GlobalSection(ExtensibilityGlobals) = postSolution
		SolutionGuid = {D2462797-4AB6-4A07-953E-7BA05806A48E}
	EndGlobalSection
EndGlobal
